
Microsoft Visual Studio Solution File, Format Version 11.00
# Visual Studio 2010
Project("{FAE04EC0-301F-11D3-BF4B-00C04F79EFBC}") = "Server", "Server\Server.csproj", "{75A7497F-F90E-4653-9D70-3404EAFF113C}"
EndProject
Project("{FAE04EC0-301F-11D3-BF4B-00C04F79EFBC}") = "CookClient", "CookClient\CookClient.csproj", "{5822C9B6-7F65-4DDE-83D9-56ADD81B5C5A}"
EndProject
Project("{FAE04EC0-301F-11D3-BF4B-00C04F79EFBC}") = "OrderManager", "OrderManager\OrderManager.csproj", "{1C40BB2C-40CF-4B86-BC49-978244134C10}"
EndProject
Project("{FAE04EC0-301F-11D3-BF4B-00C04F79EFBC}") = "RoomClient", "RoomClient\RoomClient.csproj", "{07BF7A98-D25D-4D64-AE53-F68A8C6B3A4A}"
EndProject
Project("{FAE04EC0-301F-11D3-BF4B-00C04F79EFBC}") = "Common", "Common\Common.csproj", "{29685190-E6B9-4879-9127-30A82361250E}"
EndProject
Global
	GlobalSection(SolutionConfigurationPlatforms) = preSolution
		Debug|Any CPU = Debug|Any CPU
		Debug|Mixed Platforms = Debug|Mixed Platforms
		Debug|x86 = Debug|x86
		Release|Any CPU = Release|Any CPU
		Release|Mixed Platforms = Release|Mixed Platforms
		Release|x86 = Release|x86
	EndGlobalSection
	GlobalSection(ProjectConfigurationPlatforms) = postSolution
		{75A7497F-F90E-4653-9D70-3404EAFF113C}.Debug|Any CPU.ActiveCfg = Debug|x86
		{75A7497F-F90E-4653-9D70-3404EAFF113C}.Debug|Any CPU.Build.0 = Debug|x86
		{75A7497F-F90E-4653-9D70-3404EAFF113C}.Debug|Mixed Platforms.ActiveCfg = Debug|x86
		{75A7497F-F90E-4653-9D70-3404EAFF113C}.Debug|Mixed Platforms.Build.0 = Debug|x86
		{75A7497F-F90E-4653-9D70-3404EAFF113C}.Debug|x86.ActiveCfg = Debug|x86
		{75A7497F-F90E-4653-9D70-3404EAFF113C}.Debug|x86.Build.0 = Debug|x86
		{75A7497F-F90E-4653-9D70-3404EAFF113C}.Release|Any CPU.ActiveCfg = Release|x86
		{75A7497F-F90E-4653-9D70-3404EAFF113C}.Release|Mixed Platforms.ActiveCfg = Release|x86
		{75A7497F-F90E-4653-9D70-3404EAFF113C}.Release|Mixed Platforms.Build.0 = Release|x86
		{75A7497F-F90E-4653-9D70-3404EAFF113C}.Release|x86.ActiveCfg = Release|x86
		{75A7497F-F90E-4653-9D70-3404EAFF113C}.Release|x86.Build.0 = Release|x86
		{5822C9B6-7F65-4DDE-83D9-56ADD81B5C5A}.Debug|Any CPU.ActiveCfg = Debug|x86
		{5822C9B6-7F65-4DDE-83D9-56ADD81B5C5A}.Debug|Any CPU.Build.0 = Debug|x86
		{5822C9B6-7F65-4DDE-83D9-56ADD81B5C5A}.Debug|Mixed Platforms.ActiveCfg = Debug|x86
		{5822C9B6-7F65-4DDE-83D9-56ADD81B5C5A}.Debug|Mixed Platforms.Build.0 = Debug|x86
		{5822C9B6-7F65-4DDE-83D9-56ADD81B5C5A}.Debug|x86.ActiveCfg = Debug|x86
		{5822C9B6-7F65-4DDE-83D9-56ADD81B5C5A}.Debug|x86.Build.0 = Debug|x86
		{5822C9B6-7F65-4DDE-83D9-56ADD81B5C5A}.Release|Any CPU.ActiveCfg = Release|x86
		{5822C9B6-7F65-4DDE-83D9-56ADD81B5C5A}.Release|Mixed Platforms.ActiveCfg = Release|x86
		{5822C9B6-7F65-4DDE-83D9-56ADD81B5C5A}.Release|Mixed Platforms.Build.0 = Release|x86
		{5822C9B6-7F65-4DDE-83D9-56ADD81B5C5A}.Release|x86.ActiveCfg = Release|x86
		{5822C9B6-7F65-4DDE-83D9-56ADD81B5C5A}.Release|x86.Build.0 = Release|x86
		{1C40BB2C-40CF-4B86-BC49-978244134C10}.Debug|Any CPU.ActiveCfg = Debug|Any CPU
		{1C40BB2C-40CF-4B86-BC49-978244134C10}.Debug|Any CPU.Build.0 = Debug|Any CPU
		{1C40BB2C-40CF-4B86-BC49-978244134C10}.Debug|Mixed Platforms.ActiveCfg = Debug|Any CPU
		{1C40BB2C-40CF-4B86-BC49-978244134C10}.Debug|Mixed Platforms.Build.0 = Debug|Any CPU
		{1C40BB2C-40CF-4B86-BC49-978244134C10}.Debug|x86.ActiveCfg = Debug|Any CPU
		{1C40BB2C-40CF-4B86-BC49-978244134C10}.Release|Any CPU.ActiveCfg = Release|Any CPU
		{1C40BB2C-40CF-4B86-BC49-978244134C10}.Release|Any CPU.Build.0 = Release|Any CPU
		{1C40BB2C-40CF-4B86-BC49-978244134C10}.Release|Mixed Platforms.ActiveCfg = Release|Any CPU
		{1C40BB2C-40CF-4B86-BC49-978244134C10}.Release|Mixed Platforms.Build.0 = Release|Any CPU
		{1C40BB2C-40CF-4B86-BC49-978244134C10}.Release|x86.ActiveCfg = Release|Any CPU
		{07BF7A98-D25D-4D64-AE53-F68A8C6B3A4A}.Debug|Any CPU.ActiveCfg = Debug|x86
		{07BF7A98-D25D-4D64-AE53-F68A8C6B3A4A}.Debug|Mixed Platforms.ActiveCfg = Debug|x86
		{07BF7A98-D25D-4D64-AE53-F68A8C6B3A4A}.Debug|Mixed Platforms.Build.0 = Debug|x86
		{07BF7A98-D25D-4D64-AE53-F68A8C6B3A4A}.Debug|x86.ActiveCfg = Debug|x86
		{07BF7A98-D25D-4D64-AE53-F68A8C6B3A4A}.Debug|x86.Build.0 = Debug|x86
		{07BF7A98-D25D-4D64-AE53-F68A8C6B3A4A}.Release|Any CPU.ActiveCfg = Release|x86
		{07BF7A98-D25D-4D64-AE53-F68A8C6B3A4A}.Release|Mixed Platforms.ActiveCfg = Release|x86
		{07BF7A98-D25D-4D64-AE53-F68A8C6B3A4A}.Release|Mixed Platforms.Build.0 = Release|x86
		{07BF7A98-D25D-4D64-AE53-F68A8C6B3A4A}.Release|x86.ActiveCfg = Release|x86
		{07BF7A98-D25D-4D64-AE53-F68A8C6B3A4A}.Release|x86.Build.0 = Release|x86
		{29685190-E6B9-4879-9127-30A82361250E}.Debug|Any CPU.ActiveCfg = Debug|Any CPU
		{29685190-E6B9-4879-9127-30A82361250E}.Debug|Any CPU.Build.0 = Debug|Any CPU
		{29685190-E6B9-4879-9127-30A82361250E}.Debug|Mixed Platforms.ActiveCfg = Debug|Any CPU
		{29685190-E6B9-4879-9127-30A82361250E}.Debug|Mixed Platforms.Build.0 = Debug|Any CPU
		{29685190-E6B9-4879-9127-30A82361250E}.Debug|x86.ActiveCfg = Debug|Any CPU
		{29685190-E6B9-4879-9127-30A82361250E}.Release|Any CPU.ActiveCfg = Release|Any CPU
		{29685190-E6B9-4879-9127-30A82361250E}.Release|Any CPU.Build.0 = Release|Any CPU
		{29685190-E6B9-4879-9127-30A82361250E}.Release|Mixed Platforms.ActiveCfg = Release|Any CPU
		{29685190-E6B9-4879-9127-30A82361250E}.Release|Mixed Platforms.Build.0 = Release|Any CPU
		{29685190-E6B9-4879-9127-30A82361250E}.Release|x86.ActiveCfg = Release|Any CPU
	EndGlobalSection
	GlobalSection(SolutionProperties) = preSolution
		HideSolutionNode = FALSE
	EndGlobalSection
	GlobalSection(MonoDevelopProperties) = preSolution
		StartupItem = Server\Server.csproj
	EndGlobalSection
EndGlobal
